
Microsoft Visual Studio Solution File, Format Version 12.00
# Visual Studio Version 17
VisualStudioVersion = 17.2.32526.322
MinimumVisualStudioVersion = 10.0.40219.1
Project("{FAE04EC0-301F-11D3-BF4B-00C04F79EFBC}") = "addressbook-web-tests", "addressbook-web-tests\addressbook-web-tests.csproj", "{365038B2-82CE-4391-BAB3-080128F74E47}"
EndProject
Global
	GlobalSection(SolutionConfigurationPlatforms) = preSolution
		Debug|Any CPU = Debug|Any CPU
		Release|Any CPU = Release|Any CPU
	EndGlobalSection
	GlobalSection(ProjectConfigurationPlatforms) = postSolution
		{365038B2-82CE-4391-BAB3-080128F74E47}.Debug|Any CPU.ActiveCfg = Debug|Any CPU
		{365038B2-82CE-4391-BAB3-080128F74E47}.Debug|Any CPU.Build.0 = Debug|Any CPU
		{365038B2-82CE-4391-BAB3-080128F74E47}.Release|Any CPU.ActiveCfg = Release|Any CPU
		{365038B2-82CE-4391-BAB3-080128F74E47}.Release|Any CPU.Build.0 = Release|Any CPU
	EndGlobalSection
	GlobalSection(SolutionProperties) = preSolution
		HideSolutionNode = FALSE
	EndGlobalSection
	GlobalSection(ExtensibilityGlobals) = postSolution
		SolutionGuid = {8573369D-39CF-468F-8601-30B623CD8A17}
	EndGlobalSection
EndGlobal
